
Microsoft Visual Studio Solution File, Format Version 12.00
# Visual Studio Version 16
VisualStudioVersion = 16.0.30204.135
MinimumVisualStudioVersion = 10.0.40219.1
Project("{9A19103F-16F7-4668-BE54-9A1E7A4F7556}") = "StoreApp", "StoreApp\StoreApp.csproj", "{19D85F89-C839-4675-88AC-E25EBDF89617}"
EndProject
Project("{9A19103F-16F7-4668-BE54-9A1E7A4F7556}") = "StoreApp.Library", "StoreApp.Library\StoreApp.Library.csproj", "{E192D076-91FA-4CD2-8C64-184E137F2656}"
EndProject
Project("{9A19103F-16F7-4668-BE54-9A1E7A4F7556}") = "StoreApp.Test", "StoreApp.Test\StoreApp.Test.csproj", "{1F9B13DB-6E2F-463B-A4CE-FDF301A13D55}"
EndProject
Project("{9A19103F-16F7-4668-BE54-9A1E7A4F7556}") = "StoreApp.DataAccess", "StoreApp.DataAccess\StoreApp.DataAccess.csproj", "{0AE47BCE-DA59-474F-A3D5-C3C263E97D1B}"
EndProject
Global
	GlobalSection(SolutionConfigurationPlatforms) = preSolution
		Debug|Any CPU = Debug|Any CPU
		Release|Any CPU = Release|Any CPU
	EndGlobalSection
	GlobalSection(ProjectConfigurationPlatforms) = postSolution
		{19D85F89-C839-4675-88AC-E25EBDF89617}.Debug|Any CPU.ActiveCfg = Debug|Any CPU
		{19D85F89-C839-4675-88AC-E25EBDF89617}.Debug|Any CPU.Build.0 = Debug|Any CPU
		{19D85F89-C839-4675-88AC-E25EBDF89617}.Release|Any CPU.ActiveCfg = Release|Any CPU
		{19D85F89-C839-4675-88AC-E25EBDF89617}.Release|Any CPU.Build.0 = Release|Any CPU
		{E192D076-91FA-4CD2-8C64-184E137F2656}.Debug|Any CPU.ActiveCfg = Debug|Any CPU
		{E192D076-91FA-4CD2-8C64-184E137F2656}.Debug|Any CPU.Build.0 = Debug|Any CPU
		{E192D076-91FA-4CD2-8C64-184E137F2656}.Release|Any CPU.ActiveCfg = Release|Any CPU
		{E192D076-91FA-4CD2-8C64-184E137F2656}.Release|Any CPU.Build.0 = Release|Any CPU
		{1F9B13DB-6E2F-463B-A4CE-FDF301A13D55}.Debug|Any CPU.ActiveCfg = Debug|Any CPU
		{1F9B13DB-6E2F-463B-A4CE-FDF301A13D55}.Debug|Any CPU.Build.0 = Debug|Any CPU
		{1F9B13DB-6E2F-463B-A4CE-FDF301A13D55}.Release|Any CPU.ActiveCfg = Release|Any CPU
		{1F9B13DB-6E2F-463B-A4CE-FDF301A13D55}.Release|Any CPU.Build.0 = Release|Any CPU
		{0AE47BCE-DA59-474F-A3D5-C3C263E97D1B}.Debug|Any CPU.ActiveCfg = Debug|Any CPU
		{0AE47BCE-DA59-474F-A3D5-C3C263E97D1B}.Debug|Any CPU.Build.0 = Debug|Any CPU
		{0AE47BCE-DA59-474F-A3D5-C3C263E97D1B}.Release|Any CPU.ActiveCfg = Release|Any CPU
		{0AE47BCE-DA59-474F-A3D5-C3C263E97D1B}.Release|Any CPU.Build.0 = Release|Any CPU
	EndGlobalSection
	GlobalSection(SolutionProperties) = preSolution
		HideSolutionNode = FALSE
	EndGlobalSection
	GlobalSection(ExtensibilityGlobals) = postSolution
		SolutionGuid = {2ED08746-6157-4416-ABFE-EAF8120C1375}
	EndGlobalSection
EndGlobal
